
Microsoft Visual Studio Solution File, Format Version 12.00
# Visual Studio Version 17
VisualStudioVersion = 17.10.35027.167
MinimumVisualStudioVersion = 10.0.40219.1
Project("{2150E333-8FDC-42A3-9474-1A3956D46DE8}") = "Domain", "Domain", "{C2A33D92-D176-4142-9583-63765512A58A}"
EndProject
Project("{9A19103F-16F7-4668-BE54-9A1E7A4F7556}") = "Domain.ValueObjects", "Domain\Domain.ValueObjects\Domain.ValueObjects.csproj", "{F7B6388B-C8B0-458B-BC83-2405231F2D07}"
EndProject
Global
	GlobalSection(SolutionConfigurationPlatforms) = preSolution
		Debug|Any CPU = Debug|Any CPU
		Release|Any CPU = Release|Any CPU
	EndGlobalSection
	GlobalSection(ProjectConfigurationPlatforms) = postSolution
		{F7B6388B-C8B0-458B-BC83-2405231F2D07}.Debug|Any CPU.ActiveCfg = Debug|Any CPU
		{F7B6388B-C8B0-458B-BC83-2405231F2D07}.Debug|Any CPU.Build.0 = Debug|Any CPU
		{F7B6388B-C8B0-458B-BC83-2405231F2D07}.Release|Any CPU.ActiveCfg = Release|Any CPU
		{F7B6388B-C8B0-458B-BC83-2405231F2D07}.Release|Any CPU.Build.0 = Release|Any CPU
	EndGlobalSection
	GlobalSection(SolutionProperties) = preSolution
		HideSolutionNode = FALSE
	EndGlobalSection
	GlobalSection(NestedProjects) = preSolution
		{F7B6388B-C8B0-458B-BC83-2405231F2D07} = {C2A33D92-D176-4142-9583-63765512A58A}
	EndGlobalSection
	GlobalSection(ExtensibilityGlobals) = postSolution
		SolutionGuid = {DBF268CB-6CE4-45C7-9561-E56D2179C411}
	EndGlobalSection
EndGlobal
